%{"amnesia": {:hex, :amnesia, "0.2.4", "11b162cf4a0d82f64a57317116c27a27e36fbc49fc9fe98694b2d8a0704a2657", [:mix], [{:exquisite, "~> 0.1.6", [hex: :exquisite, optional: false]}]},
  "amqp": {:hex, :amqp, "0.1.4", "5d9112c3a850234559073c23fda173364dfd11d8ce8d0138cd46f653fdc55f08", [:mix], [{:amqp_client, ">= 3.5.6", [hex: :amqp_client, optional: false]}]},
  "amqp_client": {:hex, :amqp_client, "3.5.6", "ed7e63122f32af1d503d134e6c1b088a0627e89c6b5c77b92984c841cb0939be", [:rebar], [{:rabbit_common, "3.5.6", [hex: :rabbit_common, optional: false]}]},
  "bbmustache": {:hex, :bbmustache, "1.0.1", "6f8504fa069e6e3595593260384c6c372065dd4ead557bf5b61a2b2bbb4d80f9", [:rebar], []},
  "bson": {:hex, :bson, "0.4.4", "175ad645cc492349a4cefa0bdff612178a0db611adf38dabe2bbfad2aa25627a", [:mix], []},
  "certifi": {:hex, :certifi, "0.4.0", "a7966efb868b179023618d29a407548f70c52466bf1849b9e8ebd0e34b7ea11f", [:rebar3], []},
  "combine": {:hex, :combine, "0.8.0", "390fe5f632a8c890d378abc697ca7c4c52cd3e38bb232a5cad1677cd4af013df", [:mix], []},
  "conform": {:hex, :conform, "0.16.0", "f6d6b207c693f2f939af8edeab7c735c4fd48552c63c0a019a52b6d2d98a1ca4", [:mix], [{:neotoma, "~> 1.7.3", [hex: :neotoma, optional: false]}]},
  "connection": {:hex, :connection, "1.0.2", "f4a06dd3ecae4141aa66f94ce92ea4c4b8753069472814932f1cadbc3078ab80", [:mix], []},
  "erlware_commons": {:hex, :erlware_commons, "0.13.0", "b86d493f3c3e52acba16f0a78900c12525e9eb46db3450b0d25b419aa8221115", [:rebar], []},
  "espec": {:hex, :espec, "0.8.21", "c3fe5f1317fcc56837fca088d86b725ab1a50ca13e6c290f79f8aa386a86d952", [:mix], [{:meck, "~> 0.8.4", [hex: :meck, optional: false]}]},
  "exactor": {:hex, :exactor, "2.2.0", "2a7418b82d974fe8276edd62c1facf4a9dc06339cdf11b5dcd10359e107fe5c3", [:mix], []},
  "exlager": {:git, "https://github.com/khia/exlager.git", "84f3baf2cfdb0b4f77645df12a138b7962bb581a", []},
  "exq": {:hex, :exq, "0.7.1", "459e31ba7422bb8b4f3183e68052f6fe9acf743b9991b98c077f63edf07cc351", [:mix], [{:uuid, ">= 1.0.0", [hex: :uuid, optional: false]}, {:timex, ">= 2.0.0", [hex: :timex, optional: false]}, {:redix, ">= 0.3.4", [hex: :redix, optional: false]}, {:poison, ">= 1.2.0 or ~> 2.0", [hex: :poison, optional: false]}]},
  "exquisite": {:hex, :exquisite, "0.1.6", "3862fc287ac4247298a8018da6b226c08d08515134e74e6638a9e1236576e745", [:mix], []},
  "exrm": {:hex, :exrm, "0.18.8", "8bc43a5da2cd54eb18fdffc6bb1608424f3897f97e816bcf752fb931c0ef1af4", [:mix], [{:relx, "~> 3.1.0", [hex: :relx, optional: false]}, {:conform, "~> 0.16.0", [hex: :conform, optional: false]}]},
  "gen_fsm": {:hex, :gen_fsm, "0.1.0", "5097308e244e25dbb2aa0ee5b736bb1ab79c3f8ca889a9e5b3aabd8beee6fc88", [:mix], []},
  "getopt": {:hex, :getopt, "0.8.2", "b17556db683000ba50370b16c0619df1337e7af7ecbf7d64fbf8d1d6bce3109b", [:rebar], []},
  "gettext": {:hex, :gettext, "0.11.0", "80c1dd42d270482418fa158ec5ba073d2980e3718bacad86f3d4ad71d5667679", [:mix], []},
  "goldrush": {:git, "git://github.com/DeadZen/goldrush.git", "212299233c7e7eb63a97be2777e1c05ebaa58dbe", [tag: "0.1.8"]},
  "hackney": {:hex, :hackney, "1.6.0", "8d1e9440c9edf23bf5e5e2fe0c71de03eb265103b72901337394c840eec679ac", [:rebar3], [{:ssl_verify_fun, "1.1.0", [hex: :ssl_verify_fun, optional: false]}, {:mimerl, "1.0.2", [hex: :mimerl, optional: false]}, {:metrics, "1.0.1", [hex: :metrics, optional: false]}, {:idna, "1.2.0", [hex: :idna, optional: false]}, {:certifi, "0.4.0", [hex: :certifi, optional: false]}]},
  "httpoison": {:hex, :httpoison, "0.8.3", "b675a3fdc839a0b8d7a285c6b3747d6d596ae70b6ccb762233a990d7289ccae4", [:mix], [{:hackney, "~> 1.6.0", [hex: :hackney, optional: false]}]},
  "idna": {:hex, :idna, "1.2.0", "ac62ee99da068f43c50dc69acf700e03a62a348360126260e87f2b54eced86b2", [:rebar3], []},
  "json": {:hex, :json, "0.3.3", "373eb4f7321f898ad6772999f30daf65f9f38e1d3dd4d798d7a82d3b123fe1d3", [:mix], []},
  "lager": {:git, "https://github.com/basho/lager.git", "8187757388c9adc915379caaab36a2f2ca26e944", []},
  "lager_logger": {:hex, :lager_logger, "1.0.2", "360d6a5f1e4b0e230bfc96d4d35cc86c0760933e18bfb64bc9a2b8a398dc52cb", [:mix], [{:lager, ">= 2.1.0", [hex: :lager, optional: false]}]},
  "logger_file_backend": {:hex, :logger_file_backend, "0.0.8", "1cdf1c492d6f64ee5d76d423cd76e2282ae3a7800468cb8b305bdfd1e775c07b", [:mix], []},
  "meck": {:hex, :meck, "0.8.4", "59ca1cd971372aa223138efcf9b29475bde299e1953046a0c727184790ab1520", [:rebar, :make], []},
  "metrics": {:hex, :metrics, "1.0.1", "25f094dea2cda98213cecc3aeff09e940299d950904393b2a29d191c346a8486", [:rebar3], []},
  "mimerl": {:hex, :mimerl, "1.0.2", "993f9b0e084083405ed8252b99460c4f0563e41729ab42d9074fd5e52439be88", [:rebar3], []},
  "mock": {:hex, :mock, "0.1.3", "657937b03f88fce89b3f7d6becc9f1ec1ac19c71081aeb32117db9bc4d9b3980", [:mix], [{:meck, "~> 0.8.2", [hex: :meck, optional: false]}]},
  "mongo": {:hex, :mongo, "0.5.4", "60633337f65b13e8f267f090c8b320d5e6b833faef18b1812cdd8d809e6fdb3a", [:mix], [{:bson, "~> 0.4.4", [hex: :bson, optional: false]}]},
  "mongodb": {:hex, :mongodb, "0.1.1", "8737d8f57466b4171f8216f76aa1ab3855d55220b19a1a248fedc96c9f50c274", [:mix], [{:poolboy, "~> 1.5", [hex: :poolboy, optional: true]}, {:connection, "~> 1.0", [hex: :connection, optional: false]}]},
  "neotoma": {:hex, :neotoma, "1.7.3", "d8bd5404b73273989946e4f4f6d529e5c2088f5fa1ca790b4dbe81f4be408e61", [:rebar], []},
  "poison": {:hex, :poison, "2.1.0", "f583218ced822675e484648fa26c933d621373f01c6c76bd00005d7bd4b82e27", [:mix], []},
  "poolboy": {:hex, :poolboy, "1.5.1", "6b46163901cfd0a1b43d692657ed9d7e599853b3b21b95ae5ae0a777cf9b6ca8", [:rebar], []},
  "providers": {:hex, :providers, "1.4.1", "e74176b29d4771544410af5022fe1306b100d0f57c9e0f3656bcff5962f87cd2", [:rebar], [{:getopt, "0.8.2", [hex: :getopt, optional: false]}]},
  "quantum": {:hex, :quantum, "1.7.1", "c8952d62055c953f7ff0ccd3ff8c7a8a3ae8ca4c110f4f2054bbae62e5c810c5", [:mix], [{:timex, "~> 2.1.1", [hex: :timex, optional: false]}]},
  "rabbit_common": {:hex, :rabbit_common, "3.5.6", "ad541be86f08cdb1c04320eb4353ad30f25555569c95cc062af28cf79b74d085", [:rebar], []},
  "redix": {:hex, :redix, "0.3.6", "882b3b9a81ac1245277a0ee60a0f33fef39dc5f988f513b605c8c93f40f7206f", [:mix], [{:connection, "~> 1.0.0", [hex: :connection, optional: false]}]},
  "relx": {:hex, :relx, "3.1.0", "71b7e00e83543c92512d785a268db78a970fe5d811171329623784daca7d23dc", [:rebar], [{:providers, "1.4.1", [hex: :providers, optional: false]}, {:getopt, "0.8.2", [hex: :getopt, optional: false]}, {:erlware_commons, "0.13.0", [hex: :erlware_commons, optional: false]}, {:bbmustache, "1.0.1", [hex: :bbmustache, optional: false]}]},
  "ssl_verify_fun": {:hex, :ssl_verify_fun, "1.1.0", "edee20847c42e379bf91261db474ffbe373f8acb56e9079acb6038d4e0bf414f", [:rebar, :make], []},
  "timex": {:hex, :timex, "2.1.6", "2c59cd03074bccea47acd668c4dd6aad269879bcc9d6d4dd98fe0ffbaf48fcaa", [:mix], [{:gettext, "~> 0.10", [hex: :gettext, optional: false]}, {:combine, "~> 0.7", [hex: :combine, optional: false]}, {:tzdata, "~> 0.1.8 or ~> 0.5", [hex: :tzdata, optional: false]}]},
  "tzdata": {:hex, :tzdata, "0.1.8", "965c504ce0b65a0fa5ad11dddfb45ad995d7abccb1fdf23247c0b2bcbbe98add", [:mix], []},
  "uuid": {:hex, :uuid, "1.1.4", "36c7734e4c8e357f2f67ba57fb61799d60c20a7f817b104896cca64b857e3686", [:mix], []}}
